{
  "requires": true,
  "lockfileVersion": 1,
  "dependencies": {
    "@bootpay/client-js": {
      "version": "4.2.5",
      "resolved": "https://registry.npmjs.org/@bootpay/client-js/-/client-js-4.2.5.tgz",
      "integrity": "sha512-yilgFNFkWB1QvKSVXNN1QFK2iBYhq4d3XDnDyBfeVh9sMLtFycw/ZoERa9SWjgN0R7Y728WDQljw6px8EqPYug==",
      "requires": {
        "typescript": "^4.7.4"
      }
    },
    "typescript": {
      "version": "4.8.4",
      "resolved": "https://registry.npmjs.org/typescript/-/typescript-4.8.4.tgz",
      "integrity": "sha512-QCh+85mCy+h0IGff8r5XWzOVSbBO+KfeYrMQh7NJ58QujwcE22u+NUSmUxqF+un70P9GXKxa2HCNiTTMJknyjQ=="
    }
  }
}
